<?xml version="1.0" encoding="utf-8"?>
<Project ToolsVersion="4.0" xmlns="http://schemas.microsoft.com/developer/msbuild/2003">
  <ItemGroup>
    <Filter Include="Исходные файлы">
      <UniqueIdentifier>{4FC737F1-C7A5-4376-A066-2A32D752A2FF}</UniqueIdentifier>
      <Extensions>cpp;c;cc;cxx;c++;cppm;ixx;def;odl;idl;hpj;bat;asm;asmx</Extensions>
    </Filter>
    <Filter Include="Файлы заголовков">
      <UniqueIdentifier>{93995380-89BD-4b04-88EB-625FBE52EBFB}</UniqueIdentifier>
      <Extensions>h;hh;hpp;hxx;h++;hm;inl;inc;ipp;xsd</Extensions>
    </Filter>
    <Filter Include="Файлы ресурсов">
      <UniqueIdentifier>{67DA6AB6-F800-4c08-8B7A-83BB121AAD01}</UniqueIdentifier>
      <Extensions>rc;ico;cur;bmp;dlg;rc2;rct;bin;rgs;gif;jpg;jpeg;jpe;resx;tiff;tif;png;wav;mfcribbon-ms</Extensions>
    </Filter>
    <Filter Include="Window_manager">
      <UniqueIdentifier>{558b956b-1bbb-493b-9e74-399ac1bf278a}</UniqueIdentifier>
    </Filter>
    <Filter Include="Render">
      <UniqueIdentifier>{61baea69-ae93-4313-9f88-c62e41e73fc5}</UniqueIdentifier>
    </Filter>
    <Filter Include="File_System">
      <UniqueIdentifier>{3a4e491e-1c6f-4c66-9638-1b50a1f70f59}</UniqueIdentifier>
    </Filter>
  </ItemGroup>
  <ItemGroup>
    <ClCompile Include="Entry.cpp">
      <Filter>Исходные файлы</Filter>
    </ClCompile>
    <ClCompile Include="Window_manager\Main_Window.cpp">
      <Filter>Window_manager</Filter>
    </ClCompile>
    <ClCompile Include="Render_manager\Render_Manager.cpp">
      <Filter>Render</Filter>
    </ClCompile>
    <ClCompile Include="Filesystem_manager\File_System.cpp">
      <Filter>File_System</Filter>
    </ClCompile>
  </ItemGroup>
  <ItemGroup>
    <None Include="packages.config" />
  </ItemGroup>
  <ItemGroup>
    <ClInclude Include="Window_manager\Main_Window.h">
      <Filter>Window_manager</Filter>
    </ClInclude>
    <ClInclude Include="Render_manager\Render_Manager.h">
      <Filter>Render</Filter>
    </ClInclude>
    <ClInclude Include="Filesystem_manager\File_System.h">
      <Filter>File_System</Filter>
    </ClInclude>
  </ItemGroup>
</Project>